# This file is @generated by PDM.
# It is not intended for manual editing.

[metadata]
groups = ["default"]
strategy = ["cross_platform"]
lock_version = "4.4"
content_hash = "sha256:814c03521619527957c896f0a274e2c385a17000d44204216d5495d78133f93a"

[[package]]
name = "pyside6"
version = "6.6.1"
requires_python = "<3.13,>=3.8"
summary = "Python bindings for the Qt cross-platform application and UI framework"
dependencies = [
    "PySide6-Addons==6.6.1",
    "PySide6-Essentials==6.6.1",
    "shiboken6==6.6.1",
]
files = [
    {file = "PySide6-6.6.1-cp38-abi3-macosx_11_0_universal2.whl", hash = "sha256:3c348948fe3957b18164c9c7b8942fe065bdb39648b326f212bc114326679fa9"},
    {file = "PySide6-6.6.1-cp38-abi3-manylinux_2_28_x86_64.whl", hash = "sha256:0a67587c088cb80e90d4ce3023b02466ea858c93a6dc9c4e062b13314e03d464"},
    {file = "PySide6-6.6.1-cp38-abi3-manylinux_2_31_aarch64.whl", hash = "sha256:ed3822150f0d7a06b68bf4ceebe287515b5e8309bb256e9b49ae405afd062b18"},
    {file = "PySide6-6.6.1-cp38-abi3-win_amd64.whl", hash = "sha256:3593d605175e83e6952cf3b428ecc9c146af97effb36de921ecf3da2752de082"},
]

[[package]]
name = "pyside6-addons"
version = "6.6.1"
requires_python = "<3.13,>=3.8"
summary = "Python bindings for the Qt cross-platform application and UI framework (Addons)"
dependencies = [
    "PySide6-Essentials==6.6.1",
    "shiboken6==6.6.1",
]
files = [
    {file = "PySide6_Addons-6.6.1-cp38-abi3-macosx_11_0_universal2.whl", hash = "sha256:7cb7af1b050c40f7ac891b0e61c758c1923863173932f5b92dc47bdfb4158b42"},
    {file = "PySide6_Addons-6.6.1-cp38-abi3-manylinux_2_28_x86_64.whl", hash = "sha256:a0982da4033319667f9df5ed6fa8eff300a88216aec103a1fff6751a172b19a0"},
    {file = "PySide6_Addons-6.6.1-cp38-abi3-manylinux_2_31_aarch64.whl", hash = "sha256:5a63a8a943724ce5acd2df72e5ab04982b6906963278cbabb216656b9a26ee18"},
    {file = "PySide6_Addons-6.6.1-cp38-abi3-win_amd64.whl", hash = "sha256:a223575c81e9a13173136c044c3447e25f6d656b462b4d71fc3c6bd9c935a709"},
]

[[package]]
name = "pyside6-essentials"
version = "6.6.1"
requires_python = "<3.13,>=3.8"
summary = "Python bindings for the Qt cross-platform application and UI framework (Essentials)"
dependencies = [
    "shiboken6==6.6.1",
]
files = [
    {file = "PySide6_Essentials-6.6.1-cp38-abi3-macosx_11_0_universal2.whl", hash = "sha256:0c8917b15236956957178a8c9854641b12b11dad79ba0caf26147119164c30cf"},
    {file = "PySide6_Essentials-6.6.1-cp38-abi3-manylinux_2_28_x86_64.whl", hash = "sha256:c7185616083eab6f42eaed598d97d49fac4f60ae2e7415194140d54f58c2b42c"},
    {file = "PySide6_Essentials-6.6.1-cp38-abi3-manylinux_2_31_aarch64.whl", hash = "sha256:a383c3d60298392cfb621ec1a0cf24b4799321e6c5bbafc021d4cc8076ea1315"},
    {file = "PySide6_Essentials-6.6.1-cp38-abi3-win_amd64.whl", hash = "sha256:13da926e9e9ee3e26e3f66883a9d5e43726ddee70cdabddca02a07aa1ccf9484"},
]

[[package]]
name = "shiboken6"
version = "6.6.1"
requires_python = "<3.13,>=3.8"
summary = "Python/C++ bindings helper module"
files = [
    {file = "shiboken6-6.6.1-cp38-abi3-macosx_11_0_universal2.whl", hash = "sha256:d756fd1fa945b787e8eef142f2eb571da0b4c4dc2f2eec1a7c12a474a2cf84e4"},
    {file = "shiboken6-6.6.1-cp38-abi3-manylinux_2_28_x86_64.whl", hash = "sha256:fb102e4bc210006f0cdd0ce38e1aaaaf792bd871f02a2b3f01d07922c5cf4c59"},
    {file = "shiboken6-6.6.1-cp38-abi3-manylinux_2_31_aarch64.whl", hash = "sha256:a605960e72af5eef915991cee7eef4cc72f5cabe63b9ae1a955ceb3d3b0a00b9"},
    {file = "shiboken6-6.6.1-cp38-abi3-win_amd64.whl", hash = "sha256:072c35c4fe46ec13b364d9dc47b055bb2277ee3aeaab18c23650280ec362f62a"},
]
